
Microsoft Visual Studio Solution File, Format Version 12.00
# Visual Studio Version 17
VisualStudioVersion = 17.5.33530.505
MinimumVisualStudioVersion = 10.0.40219.1
Project("{FAE04EC0-301F-11D3-BF4B-00C04F79EFBC}") = "MinimalOrdersApi", "MinimalOrdersApi\MinimalOrdersApi.csproj", "{FCDE9B1B-977F-41B6-91D2-61C327DDEF7E}"
EndProject
Global
	GlobalSection(SolutionConfigurationPlatforms) = preSolution
		Debug|Any CPU = Debug|Any CPU
		Release|Any CPU = Release|Any CPU
	EndGlobalSection
	GlobalSection(ProjectConfigurationPlatforms) = postSolution
		{FCDE9B1B-977F-41B6-91D2-61C327DDEF7E}.Debug|Any CPU.ActiveCfg = Debug|Any CPU
		{FCDE9B1B-977F-41B6-91D2-61C327DDEF7E}.Debug|Any CPU.Build.0 = Debug|Any CPU
		{FCDE9B1B-977F-41B6-91D2-61C327DDEF7E}.Release|Any CPU.ActiveCfg = Release|Any CPU
		{FCDE9B1B-977F-41B6-91D2-61C327DDEF7E}.Release|Any CPU.Build.0 = Release|Any CPU
	EndGlobalSection
	GlobalSection(SolutionProperties) = preSolution
		HideSolutionNode = FALSE
	EndGlobalSection
	GlobalSection(ExtensibilityGlobals) = postSolution
		SolutionGuid = {80AEDEE5-129D-4DF5-A806-2B66FCFB75CA}
	EndGlobalSection
EndGlobal
